
Microsoft Visual Studio Solution File, Format Version 12.00
# Visual Studio Version 17
VisualStudioVersion = 17.4.33213.308
MinimumVisualStudioVersion = 10.0.40219.1
Project("{FAE04EC0-301F-11D3-BF4B-00C04F79EFBC}") = "ContactTrackingSystem", "ContactTrackingSystem.csproj", "{07C21574-3289-4906-BA3C-E0AC934C83B6}"
EndProject
Global
	GlobalSection(SolutionConfigurationPlatforms) = preSolution
		Debug|Any CPU = Debug|Any CPU
		Release|Any CPU = Release|Any CPU
	EndGlobalSection
	GlobalSection(ProjectConfigurationPlatforms) = postSolution
		{07C21574-3289-4906-BA3C-E0AC934C83B6}.Debug|Any CPU.ActiveCfg = Debug|Any CPU
		{07C21574-3289-4906-BA3C-E0AC934C83B6}.Debug|Any CPU.Build.0 = Debug|Any CPU
		{07C21574-3289-4906-BA3C-E0AC934C83B6}.Release|Any CPU.ActiveCfg = Release|Any CPU
		{07C21574-3289-4906-BA3C-E0AC934C83B6}.Release|Any CPU.Build.0 = Release|Any CPU
	EndGlobalSection
	GlobalSection(SolutionProperties) = preSolution
		HideSolutionNode = FALSE
	EndGlobalSection
	GlobalSection(ExtensibilityGlobals) = postSolution
		SolutionGuid = {7ED72958-150C-409C-8D03-32890EF2B0FF}
	EndGlobalSection
EndGlobal
